// !$*UTF8*$!
{
	archiveVersion = 1;
	classes = {
	};
	objectVersion = 46;
	objects = {

/* Begin PBXBuildFile section */
		746271AE1EAF72C3000AE90E /* AppDelegate.swift in Sources */ = {isa = PBXBuildFile; fileRef = 746271AD1EAF72C3000AE90E /* AppDelegate.swift */; };
		746271B01EAF72C3000AE90E /* ViewController.swift in Sources */ = {isa = PBXBuildFile; fileRef = 746271AF1EAF72C3000AE90E /* ViewController.swift */; };
		746271B31EAF72C3000AE90E /* Main.storyboard in Resources */ = {isa = PBXBuildFile; fileRef = 746271B11EAF72C3000AE90E /* Main.storyboard */; };
		746271B51EAF72C3000AE90E /* Assets.xcassets in Resources */ = {isa = PBXBuildFile; fileRef = 746271B41EAF72C3000AE90E /* Assets.xcassets */; };
		746271B81EAF72C3000AE90E /* LaunchScreen.storyboard in Resources */ = {isa = PBXBuildFile; fileRef = 746271B61EAF72C3000AE90E /* LaunchScreen.storyboard */; };
		746271C01EAF79C9000AE90E /* Movie.swift in Sources */ = {isa = PBXBuildFile; fileRef = 746271BF1EAF79C9000AE90E /* Movie.swift */; };
/* End PBXBuildFile section */

/* Begin PBXFileReference section */
		746271AA1EAF72C3000AE90E /* MovieLibrary.app */ = {isa = PBXFileReference; explicitFileType = wrapper.application; includeInIndex = 0; path = MovieLibrary.app; sourceTree = BUILT_PRODUCTS_DIR; };
		746271AD1EAF72C3000AE90E /* AppDelegate.swift */ = {isa = PBXFileReference; lastKnownFileType = sourcecode.swift; path = AppDelegate.swift; sourceTree = "<group>"; };
		746271AF1EAF72C3000AE90E /* ViewController.swift */ = {isa = PBXFileReference; lastKnownFileType = sourcecode.swift; path = ViewController.swift; sourceTree = "<group>"; };
		746271B21EAF72C3000AE90E /* Base */ = {isa = PBXFileReference; lastKnownFileType = file.storyboard; name = Base; path = Base.lproj/Main.storyboard; sourceTree = "<group>"; };
		746271B41EAF72C3000AE90E /* Assets.xcassets */ = {isa = PBXFileReference; lastKnownFileType = folder.assetcatalog; path = Assets.xcassets; sourceTree = "<group>"; };
		746271B71EAF72C3000AE90E /* Base */ = {isa = PBXFileReference; lastKnownFileType = file.storyboard; name = Base; path = Base.lproj/LaunchScreen.storyboard; sourceTree = "<group>"; };
		746271B91EAF72C3000AE90E /* Info.plist */ = {isa = PBXFileReference; lastKnownFileType = text.plist.xml; path = Info.plist; sourceTree = "<group>"; };
		746271BF1EAF79C9000AE90E /* Movie.swift */ = {isa = PBXFileReference; fileEncoding = 4; lastKnownFileType = sourcecode.swift; path = Movie.swift; sourceTree = "<group>"; };
/* End PBXFileReference section */

/* Begin PBXFrameworksBuildPhase section */
		746271A71EAF72C3000AE90E /* Frameworks */ = {
			isa = PBXFrameworksBuildPhase;
			buildActionMask = 2147483647;
			files = (
			);
			runOnlyForDeploymentPostprocessing = 0;
		};
/* End PBXFrameworksBuildPhase section */

/* Begin PBXGroup section */
		746271A11EAF72C3000AE90E = {
			isa = PBXGroup;
			children = (
				746271AC1EAF72C3000AE90E /* MovieLibrary */,
				746271AB1EAF72C3000AE90E /* Products */,
			);
			sourceTree = "<group>";
		};
		746271AB1EAF72C3000AE90E /* Products */ = {
			isa = PBXGroup;
			children = (
				746271AA1EAF72C3000AE90E /* MovieLibrary.app */,
			);
			name = Products;
			sourceTree = "<group>";
		};
		746271AC1EAF72C3000AE90E /* MovieLibrary */ = {
			isa = PBXGroup;
			children = (
				746271AD1EAF72C3000AE90E /* AppDelegate.swift */,
				746271AF1EAF72C3000AE90E /* ViewController.swift */,
				746271B11EAF72C3000AE90E /* Main.storyboard */,
				746271BF1EAF79C9000AE90E /* Movie.swift */,
				746271B41EAF72C3000AE90E /* Assets.xcassets */,
				746271B61EAF72C3000AE90E /* LaunchScreen.storyboard */,
				746271B91EAF72C3000AE90E /* Info.plist */,
			);
			path = MovieLibrary;
			sourceTree = "<group>";
		};
/* End PBXGroup section */

/* Begin PBXNativeTarget section */
		746271A91EAF72C3000AE90E /* MovieLibrary */ = {
			isa = PBXNativeTarget;
			buildConfigurationList = 746271BC1EAF72C3000AE90E /* Build configuration list for PBXNativeTarget "MovieLibrary" */;
			buildPhases = (
				746271A61EAF72C3000AE90E /* Sources */,
				746271A71EAF72C3000AE90E /* Frameworks */,
				746271A81EAF72C3000AE90E /* Resources */,
			);
			buildRules = (
			);
			dependencies = (
			);
			name = MovieLibrary;
			productName = MovieLibrary;
			productReference = 746271AA1EAF72C3000AE90E /* MovieLibrary.app */;
			productType = "com.apple.product-type.application";
		};
/* End PBXNativeTarget section */

/* Begin PBXProject section */
		746271A21EAF72C3000AE90E /* Project object */ = {
			isa = PBXProject;
			attributes = {
				LastSwiftUpdateCheck = 0830;
				LastUpgradeCheck = 0830;
				ORGANIZATIONNAME = "TUM LS1";
				TargetAttributes = {
					746271A91EAF72C3000AE90E = {
						CreatedOnToolsVersion = 8.3.2;
						DevelopmentTeam = WCM2L8RG39;
						ProvisioningStyle = Automatic;
					};
				};
			};
			buildConfigurationList = 746271A51EAF72C3000AE90E /* Build configuration list for PBXProject "MovieLibrary" */;
			compatibilityVersion = "Xcode 3.2";
			developmentRegion = English;
			hasScannedForEncodings = 0;
			knownRegions = (
				en,
				Base,
			);
			mainGroup = 746271A11EAF72C3000AE90E;
			productRefGroup = 746271AB1EAF72C3000AE90E /* Products */;
			projectDirPath = "";
			projectRoot = "";
			targets = (
				746271A91EAF72C3000AE90E /* MovieLibrary */,
			);
		};
/* End PBXProject section */

/* Begin PBXResourcesBuildPhase section */
		746271A81EAF72C3000AE90E /* Resources */ = {
			isa = PBXResourcesBuildPhase;
			buildActionMask = 2147483647;
			files = (
				746271B81EAF72C3000AE90E /* LaunchScreen.storyboard in Resources */,
				746271B51EAF72C3000AE90E /* Assets.xcassets in Resources */,
				746271B31EAF72C3000AE90E /* Main.storyboard in Resources */,
			);
			runOnlyForDeploymentPostprocessing = 0;
		};
/* End PBXResourcesBuildPhase section */

/* Begin PBXSourcesBuildPhase section */
		746271A61EAF72C3000AE90E /* Sources */ = {
			isa = PBXSourcesBuildPhase;
			buildActionMask = 2147483647;
			files = (
				746271B01EAF72C3000AE90E /* ViewController.swift in Sources */,
				746271AE1EAF72C3000AE90E /* AppDelegate.swift in Sources */,
				746271C01EAF79C9000AE90E /* Movie.swift in Sources */,
			);
			runOnlyForDeploymentPostprocessing = 0;
		};
/* End PBXSourcesBuildPhase section */

/* Begin PBXVariantGroup section */
		746271B11EAF72C3000AE90E /* Main.storyboard */ = {
			isa = PBXVariantGroup;
			children = (
				746271B21EAF72C3000AE90E /* Base */,
			);
			name = Main.storyboard;
			sourceTree = "<group>";
		};
		746271B61EAF72C3000AE90E /* LaunchScreen.storyboard */ = {
			isa = PBXVariantGroup;
			children = (
				746271B71EAF72C3000AE90E /* Base */,
			);
			name = LaunchScreen.storyboard;
			sourceTree = "<group>";
		};
/* End PBXVariantGroup section */

/* Begin XCBuildConfiguration section */
		746271BA1EAF72C3000AE90E /* Debug */ = {
			isa = XCBuildConfiguration;
			buildSettings = {
				ALWAYS_SEARCH_USER_PATHS = NO;
				CLANG_ANALYZER_NONNULL = YES;
				CLANG_ANALYZER_NUMBER_OBJECT_CONVERSION = YES_AGGRESSIVE;
				CLANG_CXX_LANGUAGE_STANDARD = "gnu++0x";
				CLANG_CXX_LIBRARY = "libc++";
				CLANG_ENABLE_MODULES = YES;
				CLANG_ENABLE_OBJC_ARC = YES;
				CLANG_WARN_BOOL_CONVERSION = YES;
				CLANG_WARN_CONSTANT_CONVERSION = YES;
				CLANG_WARN_DIRECT_OBJC_ISA_USAGE = YES_ERROR;
				CLANG_WARN_DOCUMENTATION_COMMENTS = YES;
				CLANG_WARN_EMPTY_BODY = YES;
				CLANG_WARN_ENUM_CONVERSION = YES;
				CLANG_WARN_INFINITE_RECURSION = YES;
				CLANG_WARN_INT_CONVERSION = YES;
				CLANG_WARN_OBJC_ROOT_CLASS = YES_ERROR;
				CLANG_WARN_SUSPICIOUS_MOVE = YES;
				CLANG_WARN_UNREACHABLE_CODE = YES;
				CLANG_WARN__DUPLICATE_METHOD_MATCH = YES;
				"CODE_SIGN_IDENTITY[sdk=iphoneos*]" = "iPhone Developer";
				COPY_PHASE_STRIP = NO;
				DEBUG_INFORMATION_FORMAT = dwarf;
				ENABLE_STRICT_OBJC_MSGSEND = YES;
				ENABLE_TESTABILITY = YES;
				GCC_C_LANGUAGE_STANDARD = gnu99;
				GCC_DYNAMIC_NO_PIC = NO;
				GCC_NO_COMMON_BLOCKS = YES;
				GCC_OPTIMIZATION_LEVEL = 0;
				GCC_PREPROCESSOR_DEFINITIONS = (
					"DEBUG=1",
					"$(inherited)",
				);
				GCC_WARN_64_TO_32_BIT_CONVERSION = YES;
				GCC_WARN_ABOUT_RETURN_TYPE = YES_ERROR;
				GCC_WARN_UNDECLARED_SELECTOR = YES;
				GCC_WARN_UNINITIALIZED_AUTOS = YES_AGGRESSIVE;
				GCC_WARN_UNUSED_FUNCTION = YES;
				GCC_WARN_UNUSED_VARIABLE = YES;
				IPHONEOS_DEPLOYMENT_TARGET = 10.3;
				MTL_ENABLE_DEBUG_INFO = YES;
				ONLY_ACTIVE_ARCH = YES;
				SDKROOT = iphoneos;
				SWIFT_ACTIVE_COMPILATION_CONDITIONS = DEBUG;
				SWIFT_OPTIMIZATION_LEVEL = "-Onone";
			};
			name = Debug;
		};
		746271BB1EAF72C3000AE90E /* Release */ = {
			isa = XCBuildConfiguration;
			buildSettings = {
				ALWAYS_SEARCH_USER_PATHS = NO;
				CLANG_ANALYZER_NONNULL = YES;
				CLANG_ANALYZER_NUMBER_OBJECT_CONVERSION = YES_AGGRESSIVE;
				CLANG_CXX_LANGUAGE_STANDARD = "gnu++0x";
				CLANG_CXX_LIBRARY = "libc++";
				CLANG_ENABLE_MODULES = YES;
				CLANG_ENABLE_OBJC_ARC = YES;
				CLANG_WARN_BOOL_CONVERSION = YES;
				CLANG_WARN_CONSTANT_CONVERSION = YES;
				CLANG_WARN_DIRECT_OBJC_ISA_USAGE = YES_ERROR;
				CLANG_WARN_DOCUMENTATION_COMMENTS = YES;
				CLANG_WARN_EMPTY_BODY = YES;
				CLANG_WARN_ENUM_CONVERSION = YES;
				CLANG_WARN_INFINITE_RECURSION = YES;
				CLANG_WARN_INT_CONVERSION = YES;
				CLANG_WARN_OBJC_ROOT_CLASS = YES_ERROR;
				CLANG_WARN_SUSPICIOUS_MOVE = YES;
				CLANG_WARN_UNREACHABLE_CODE = YES;
				CLANG_WARN__DUPLICATE_METHOD_MATCH = YES;
				"CODE_SIGN_IDENTITY[sdk=iphoneos*]" = "iPhone Developer";
				COPY_PHASE_STRIP = NO;
				DEBUG_INFORMATION_FORMAT = "dwarf-with-dsym";
				ENABLE_NS_ASSERTIONS = NO;
				ENABLE_STRICT_OBJC_MSGSEND = YES;
				GCC_C_LANGUAGE_STANDARD = gnu99;
				GCC_NO_COMMON_BLOCKS = YES;
				GCC_WARN_64_TO_32_BIT_CONVERSION = YES;
				GCC_WARN_ABOUT_RETURN_TYPE = YES_ERROR;
				GCC_WARN_UNDECLARED_SELECTOR = YES;
				GCC_WARN_UNINITIALIZED_AUTOS = YES_AGGRESSIVE;
				GCC_WARN_UNUSED_FUNCTION = YES;
				GCC_WARN_UNUSED_VARIABLE = YES;
				IPHONEOS_DEPLOYMENT_TARGET = 10.3;
				MTL_ENABLE_DEBUG_INFO = NO;
				SDKROOT = iphoneos;
				SWIFT_OPTIMIZATION_LEVEL = "-Owholemodule";
				VALIDATE_PRODUCT = YES;
			};
			name = Release;
		};
		746271BD1EAF72C3000AE90E /* Debug */ = {
			isa = XCBuildConfiguration;
			buildSettings = {
				ASSETCATALOG_COMPILER_APPICON_NAME = AppIcon;
				DEVELOPMENT_TEAM = WCM2L8RG39;
				INFOPLIST_FILE = MovieLibrary/Info.plist;
				LD_RUNPATH_SEARCH_PATHS = "$(inherited) @executable_path/Frameworks";
				PRODUCT_BUNDLE_IDENTIFIER = de.tum.in.www1.MovieLibrary365;
				PRODUCT_NAME = "$(TARGET_NAME)";
				SWIFT_VERSION = 3.0;
			};
			name = Debug;
		};
		746271BE1EAF72C3000AE90E /* Release */ = {
			isa = XCBuildConfiguration;
			buildSettings = {
				ASSETCATALOG_COMPILER_APPICON_NAME = AppIcon;
				DEVELOPMENT_TEAM = WCM2L8RG39;
				INFOPLIST_FILE = MovieLibrary/Info.plist;
				LD_RUNPATH_SEARCH_PATHS = "$(inherited) @executable_path/Frameworks";
				PRODUCT_BUNDLE_IDENTIFIER = de.tum.in.www1.MovieLibrary365;
				PRODUCT_NAME = "$(TARGET_NAME)";
				SWIFT_VERSION = 3.0;
			};
			name = Release;
		};
/* End XCBuildConfiguration section */

/* Begin XCConfigurationList section */
		746271A51EAF72C3000AE90E /* Build configuration list for PBXProject "MovieLibrary" */ = {
			isa = XCConfigurationList;
			buildConfigurations = (
				746271BA1EAF72C3000AE90E /* Debug */,
				746271BB1EAF72C3000AE90E /* Release */,
			);
			defaultConfigurationIsVisible = 0;
			defaultConfigurationName = Release;
		};
		746271BC1EAF72C3000AE90E /* Build configuration list for PBXNativeTarget "MovieLibrary" */ = {
			isa = XCConfigurationList;
			buildConfigurations = (
				746271BD1EAF72C3000AE90E /* Debug */,
				746271BE1EAF72C3000AE90E /* Release */,
			);
			defaultConfigurationIsVisible = 0;
		};
/* End XCConfigurationList section */
	};
	rootObject = 746271A21EAF72C3000AE90E /* Project object */;
}
