// !$*UTF8*$!
{
	archiveVersion = 1;
	classes = {
	};
	objectVersion = 46;
	objects = {

/* Begin PBXBuildFile section */
		025143BF1E9C8E8C009F4F32 /* ImageFilter.m in Sources */ = {isa = PBXBuildFile; fileRef = 025143BE1E9C8E8C009F4F32 /* ImageFilter.m */; };
		AB0CD85E1EAC7AAA0000B135 /* StarDelegate.swift in Sources */ = {isa = PBXBuildFile; fileRef = AB0CD85D1EAC7AAA0000B135 /* StarDelegate.swift */; };
		DB493EF31E9BE22F00DB688D /* AppDelegate.swift in Sources */ = {isa = PBXBuildFile; fileRef = DB493EF21E9BE22F00DB688D /* AppDelegate.swift */; };
		DB493EF81E9BE22F00DB688D /* Main.storyboard in Resources */ = {isa = PBXBuildFile; fileRef = DB493EF61E9BE22F00DB688D /* Main.storyboard */; };
		DB493EFB1E9BE22F00DB688D /* ProfBook.xcdatamodeld in Sources */ = {isa = PBXBuildFile; fileRef = DB493EF91E9BE22F00DB688D /* ProfBook.xcdatamodeld */; };
		DB493EFD1E9BE22F00DB688D /* Assets.xcassets in Resources */ = {isa = PBXBuildFile; fileRef = DB493EFC1E9BE22F00DB688D /* Assets.xcassets */; };
		DB493F081E9BE40100DB688D /* LoginViewController.swift in Sources */ = {isa = PBXBuildFile; fileRef = DB493F071E9BE40100DB688D /* LoginViewController.swift */; };
		DB493F0E1E9BE42800DB688D /* SimulatedNetwork.swift in Sources */ = {isa = PBXBuildFile; fileRef = DB493F0A1E9BE42800DB688D /* SimulatedNetwork.swift */; };
		DB493F0F1E9BE42800DB688D /* ContactListViewController.swift in Sources */ = {isa = PBXBuildFile; fileRef = DB493F0B1E9BE42800DB688D /* ContactListViewController.swift */; };
		DB493F101E9BE42800DB688D /* ThreadSafeDictionary.swift in Sources */ = {isa = PBXBuildFile; fileRef = DB493F0C1E9BE42800DB688D /* ThreadSafeDictionary.swift */; };
		DB493F151E9BE46700DB688D /* ContactTableViewCell.swift in Sources */ = {isa = PBXBuildFile; fileRef = DB493F121E9BE46700DB688D /* ContactTableViewCell.swift */; };
		DB493F161E9BE46700DB688D /* ContactTableViewCell.xib in Resources */ = {isa = PBXBuildFile; fileRef = DB493F131E9BE46700DB688D /* ContactTableViewCell.xib */; };
		DB493F171E9BE46700DB688D /* UIRoundedImageView.swift in Sources */ = {isa = PBXBuildFile; fileRef = DB493F141E9BE46700DB688D /* UIRoundedImageView.swift */; };
		DB493F191E9BE72A00DB688D /* SettingsTableViewController.swift in Sources */ = {isa = PBXBuildFile; fileRef = DB493F181E9BE72A00DB688D /* SettingsTableViewController.swift */; };
/* End PBXBuildFile section */

/* Begin PBXFileReference section */
		025143BD1E9C8E8C009F4F32 /* ProfBook-Bridging-Header.h */ = {isa = PBXFileReference; lastKnownFileType = sourcecode.c.h; path = "ProfBook-Bridging-Header.h"; sourceTree = "<group>"; };
		025143BE1E9C8E8C009F4F32 /* ImageFilter.m */ = {isa = PBXFileReference; fileEncoding = 4; lastKnownFileType = sourcecode.c.objc; path = ImageFilter.m; sourceTree = "<group>"; };
		AB0CD85D1EAC7AAA0000B135 /* StarDelegate.swift */ = {isa = PBXFileReference; fileEncoding = 4; lastKnownFileType = sourcecode.swift; path = StarDelegate.swift; sourceTree = "<group>"; };
		DB493EEF1E9BE22F00DB688D /* ProfBook.app */ = {isa = PBXFileReference; explicitFileType = wrapper.application; includeInIndex = 0; path = ProfBook.app; sourceTree = BUILT_PRODUCTS_DIR; };
		DB493EF21E9BE22F00DB688D /* AppDelegate.swift */ = {isa = PBXFileReference; lastKnownFileType = sourcecode.swift; path = AppDelegate.swift; sourceTree = "<group>"; };
		DB493EF71E9BE22F00DB688D /* Base */ = {isa = PBXFileReference; lastKnownFileType = file.storyboard; name = Base; path = Base.lproj/Main.storyboard; sourceTree = "<group>"; };
		DB493EFA1E9BE22F00DB688D /* ProfBook.xcdatamodel */ = {isa = PBXFileReference; lastKnownFileType = wrapper.xcdatamodel; path = ProfBook.xcdatamodel; sourceTree = "<group>"; };
		DB493EFC1E9BE22F00DB688D /* Assets.xcassets */ = {isa = PBXFileReference; lastKnownFileType = folder.assetcatalog; path = Assets.xcassets; sourceTree = "<group>"; };
		DB493F011E9BE22F00DB688D /* Info.plist */ = {isa = PBXFileReference; lastKnownFileType = text.plist.xml; path = Info.plist; sourceTree = "<group>"; };
		DB493F071E9BE40100DB688D /* LoginViewController.swift */ = {isa = PBXFileReference; fileEncoding = 4; lastKnownFileType = sourcecode.swift; path = LoginViewController.swift; sourceTree = "<group>"; };
		DB493F0A1E9BE42800DB688D /* SimulatedNetwork.swift */ = {isa = PBXFileReference; fileEncoding = 4; lastKnownFileType = sourcecode.swift; path = SimulatedNetwork.swift; sourceTree = "<group>"; };
		DB493F0B1E9BE42800DB688D /* ContactListViewController.swift */ = {isa = PBXFileReference; fileEncoding = 4; lastKnownFileType = sourcecode.swift; path = ContactListViewController.swift; sourceTree = "<group>"; };
		DB493F0C1E9BE42800DB688D /* ThreadSafeDictionary.swift */ = {isa = PBXFileReference; fileEncoding = 4; lastKnownFileType = sourcecode.swift; path = ThreadSafeDictionary.swift; sourceTree = "<group>"; };
		DB493F121E9BE46700DB688D /* ContactTableViewCell.swift */ = {isa = PBXFileReference; fileEncoding = 4; lastKnownFileType = sourcecode.swift; path = ContactTableViewCell.swift; sourceTree = "<group>"; };
		DB493F131E9BE46700DB688D /* ContactTableViewCell.xib */ = {isa = PBXFileReference; fileEncoding = 4; lastKnownFileType = file.xib; path = ContactTableViewCell.xib; sourceTree = "<group>"; };
		DB493F141E9BE46700DB688D /* UIRoundedImageView.swift */ = {isa = PBXFileReference; fileEncoding = 4; lastKnownFileType = sourcecode.swift; path = UIRoundedImageView.swift; sourceTree = "<group>"; };
		DB493F181E9BE72A00DB688D /* SettingsTableViewController.swift */ = {isa = PBXFileReference; fileEncoding = 4; lastKnownFileType = sourcecode.swift; path = SettingsTableViewController.swift; sourceTree = "<group>"; };
/* End PBXFileReference section */

/* Begin PBXFrameworksBuildPhase section */
		DB493EEC1E9BE22F00DB688D /* Frameworks */ = {
			isa = PBXFrameworksBuildPhase;
			buildActionMask = 2147483647;
			files = (
			);
			runOnlyForDeploymentPostprocessing = 0;
		};
/* End PBXFrameworksBuildPhase section */

/* Begin PBXGroup section */
		DB493EE61E9BE22E00DB688D = {
			isa = PBXGroup;
			children = (
				DB493EF11E9BE22F00DB688D /* ProfBook */,
				DB493EF01E9BE22F00DB688D /* Products */,
			);
			sourceTree = "<group>";
		};
		DB493EF01E9BE22F00DB688D /* Products */ = {
			isa = PBXGroup;
			children = (
				DB493EEF1E9BE22F00DB688D /* ProfBook.app */,
			);
			name = Products;
			sourceTree = "<group>";
		};
		DB493EF11E9BE22F00DB688D /* ProfBook */ = {
			isa = PBXGroup;
			children = (
				DB493EF61E9BE22F00DB688D /* Main.storyboard */,
				DB493F071E9BE40100DB688D /* LoginViewController.swift */,
				DB493F0B1E9BE42800DB688D /* ContactListViewController.swift */,
				DB493F181E9BE72A00DB688D /* SettingsTableViewController.swift */,
				DB493F0C1E9BE42800DB688D /* ThreadSafeDictionary.swift */,
				DB493F0A1E9BE42800DB688D /* SimulatedNetwork.swift */,
				DB493EF91E9BE22F00DB688D /* ProfBook.xcdatamodeld */,
				DB493F111E9BE45200DB688D /* supporting files */,
			);
			path = ProfBook;
			sourceTree = "<group>";
		};
		DB493F111E9BE45200DB688D /* supporting files */ = {
			isa = PBXGroup;
			children = (
				025143BE1E9C8E8C009F4F32 /* ImageFilter.m */,
				DB493F121E9BE46700DB688D /* ContactTableViewCell.swift */,
				AB0CD85D1EAC7AAA0000B135 /* StarDelegate.swift */,
				DB493F131E9BE46700DB688D /* ContactTableViewCell.xib */,
				DB493F141E9BE46700DB688D /* UIRoundedImageView.swift */,
				DB493EF21E9BE22F00DB688D /* AppDelegate.swift */,
				DB493EFC1E9BE22F00DB688D /* Assets.xcassets */,
				DB493F011E9BE22F00DB688D /* Info.plist */,
				025143BD1E9C8E8C009F4F32 /* ProfBook-Bridging-Header.h */,
			);
			name = "supporting files";
			sourceTree = "<group>";
		};
/* End PBXGroup section */

/* Begin PBXNativeTarget section */
		DB493EEE1E9BE22F00DB688D /* ProfBook */ = {
			isa = PBXNativeTarget;
			buildConfigurationList = DB493F041E9BE22F00DB688D /* Build configuration list for PBXNativeTarget "ProfBook" */;
			buildPhases = (
				DB493EEB1E9BE22F00DB688D /* Sources */,
				DB493EEC1E9BE22F00DB688D /* Frameworks */,
				DB493EED1E9BE22F00DB688D /* Resources */,
			);
			buildRules = (
			);
			dependencies = (
			);
			name = ProfBook;
			productName = ProfBook;
			productReference = DB493EEF1E9BE22F00DB688D /* ProfBook.app */;
			productType = "com.apple.product-type.application";
		};
/* End PBXNativeTarget section */

/* Begin PBXProject section */
		DB493EE71E9BE22E00DB688D /* Project object */ = {
			isa = PBXProject;
			attributes = {
				LastSwiftUpdateCheck = 0820;
				LastUpgradeCheck = 0820;
				ORGANIZATIONNAME = TUM;
				TargetAttributes = {
					DB493EEE1E9BE22F00DB688D = {
						CreatedOnToolsVersion = 8.2.1;
						DevelopmentTeam = WCM2L8RG39;
						LastSwiftMigration = 0830;
						ProvisioningStyle = Automatic;
					};
				};
			};
			buildConfigurationList = DB493EEA1E9BE22E00DB688D /* Build configuration list for PBXProject "ProfBook" */;
			compatibilityVersion = "Xcode 3.2";
			developmentRegion = English;
			hasScannedForEncodings = 0;
			knownRegions = (
				en,
				Base,
			);
			mainGroup = DB493EE61E9BE22E00DB688D;
			productRefGroup = DB493EF01E9BE22F00DB688D /* Products */;
			projectDirPath = "";
			projectRoot = "";
			targets = (
				DB493EEE1E9BE22F00DB688D /* ProfBook */,
			);
		};
/* End PBXProject section */

/* Begin PBXResourcesBuildPhase section */
		DB493EED1E9BE22F00DB688D /* Resources */ = {
			isa = PBXResourcesBuildPhase;
			buildActionMask = 2147483647;
			files = (
				DB493F161E9BE46700DB688D /* ContactTableViewCell.xib in Resources */,
				DB493EFD1E9BE22F00DB688D /* Assets.xcassets in Resources */,
				DB493EF81E9BE22F00DB688D /* Main.storyboard in Resources */,
			);
			runOnlyForDeploymentPostprocessing = 0;
		};
/* End PBXResourcesBuildPhase section */

/* Begin PBXSourcesBuildPhase section */
		DB493EEB1E9BE22F00DB688D /* Sources */ = {
			isa = PBXSourcesBuildPhase;
			buildActionMask = 2147483647;
			files = (
				AB0CD85E1EAC7AAA0000B135 /* StarDelegate.swift in Sources */,
				DB493F171E9BE46700DB688D /* UIRoundedImageView.swift in Sources */,
				DB493F081E9BE40100DB688D /* LoginViewController.swift in Sources */,
				DB493F191E9BE72A00DB688D /* SettingsTableViewController.swift in Sources */,
				DB493F101E9BE42800DB688D /* ThreadSafeDictionary.swift in Sources */,
				DB493EF31E9BE22F00DB688D /* AppDelegate.swift in Sources */,
				DB493EFB1E9BE22F00DB688D /* ProfBook.xcdatamodeld in Sources */,
				DB493F151E9BE46700DB688D /* ContactTableViewCell.swift in Sources */,
				025143BF1E9C8E8C009F4F32 /* ImageFilter.m in Sources */,
				DB493F0F1E9BE42800DB688D /* ContactListViewController.swift in Sources */,
				DB493F0E1E9BE42800DB688D /* SimulatedNetwork.swift in Sources */,
			);
			runOnlyForDeploymentPostprocessing = 0;
		};
/* End PBXSourcesBuildPhase section */

/* Begin PBXVariantGroup section */
		DB493EF61E9BE22F00DB688D /* Main.storyboard */ = {
			isa = PBXVariantGroup;
			children = (
				DB493EF71E9BE22F00DB688D /* Base */,
			);
			name = Main.storyboard;
			sourceTree = "<group>";
		};
/* End PBXVariantGroup section */

/* Begin XCBuildConfiguration section */
		DB493F021E9BE22F00DB688D /* Debug */ = {
			isa = XCBuildConfiguration;
			buildSettings = {
				ALWAYS_SEARCH_USER_PATHS = NO;
				CLANG_ANALYZER_NONNULL = YES;
				CLANG_CXX_LANGUAGE_STANDARD = "gnu++0x";
				CLANG_CXX_LIBRARY = "libc++";
				CLANG_ENABLE_MODULES = YES;
				CLANG_ENABLE_OBJC_ARC = YES;
				CLANG_WARN_BOOL_CONVERSION = YES;
				CLANG_WARN_CONSTANT_CONVERSION = YES;
				CLANG_WARN_DIRECT_OBJC_ISA_USAGE = YES_ERROR;
				CLANG_WARN_DOCUMENTATION_COMMENTS = YES;
				CLANG_WARN_EMPTY_BODY = YES;
				CLANG_WARN_ENUM_CONVERSION = YES;
				CLANG_WARN_INFINITE_RECURSION = YES;
				CLANG_WARN_INT_CONVERSION = YES;
				CLANG_WARN_OBJC_ROOT_CLASS = YES_ERROR;
				CLANG_WARN_SUSPICIOUS_MOVE = YES;
				CLANG_WARN_UNREACHABLE_CODE = YES;
				CLANG_WARN__DUPLICATE_METHOD_MATCH = YES;
				"CODE_SIGN_IDENTITY[sdk=iphoneos*]" = "iPhone Developer";
				COPY_PHASE_STRIP = NO;
				DEBUG_INFORMATION_FORMAT = dwarf;
				ENABLE_STRICT_OBJC_MSGSEND = YES;
				ENABLE_TESTABILITY = YES;
				GCC_C_LANGUAGE_STANDARD = gnu99;
				GCC_DYNAMIC_NO_PIC = NO;
				GCC_NO_COMMON_BLOCKS = YES;
				GCC_OPTIMIZATION_LEVEL = 0;
				GCC_PREPROCESSOR_DEFINITIONS = (
					"DEBUG=1",
					"$(inherited)",
				);
				GCC_WARN_64_TO_32_BIT_CONVERSION = YES;
				GCC_WARN_ABOUT_RETURN_TYPE = YES_ERROR;
				GCC_WARN_UNDECLARED_SELECTOR = YES;
				GCC_WARN_UNINITIALIZED_AUTOS = YES_AGGRESSIVE;
				GCC_WARN_UNUSED_FUNCTION = YES;
				GCC_WARN_UNUSED_VARIABLE = YES;
				IPHONEOS_DEPLOYMENT_TARGET = 10.2;
				MTL_ENABLE_DEBUG_INFO = YES;
				ONLY_ACTIVE_ARCH = YES;
				SDKROOT = iphoneos;
				SWIFT_ACTIVE_COMPILATION_CONDITIONS = DEBUG;
				SWIFT_OPTIMIZATION_LEVEL = "-Onone";
			};
			name = Debug;
		};
		DB493F031E9BE22F00DB688D /* Release */ = {
			isa = XCBuildConfiguration;
			buildSettings = {
				ALWAYS_SEARCH_USER_PATHS = NO;
				CLANG_ANALYZER_NONNULL = YES;
				CLANG_CXX_LANGUAGE_STANDARD = "gnu++0x";
				CLANG_CXX_LIBRARY = "libc++";
				CLANG_ENABLE_MODULES = YES;
				CLANG_ENABLE_OBJC_ARC = YES;
				CLANG_WARN_BOOL_CONVERSION = YES;
				CLANG_WARN_CONSTANT_CONVERSION = YES;
				CLANG_WARN_DIRECT_OBJC_ISA_USAGE = YES_ERROR;
				CLANG_WARN_DOCUMENTATION_COMMENTS = YES;
				CLANG_WARN_EMPTY_BODY = YES;
				CLANG_WARN_ENUM_CONVERSION = YES;
				CLANG_WARN_INFINITE_RECURSION = YES;
				CLANG_WARN_INT_CONVERSION = YES;
				CLANG_WARN_OBJC_ROOT_CLASS = YES_ERROR;
				CLANG_WARN_SUSPICIOUS_MOVE = YES;
				CLANG_WARN_UNREACHABLE_CODE = YES;
				CLANG_WARN__DUPLICATE_METHOD_MATCH = YES;
				"CODE_SIGN_IDENTITY[sdk=iphoneos*]" = "iPhone Developer";
				COPY_PHASE_STRIP = NO;
				DEBUG_INFORMATION_FORMAT = "dwarf-with-dsym";
				ENABLE_NS_ASSERTIONS = NO;
				ENABLE_STRICT_OBJC_MSGSEND = YES;
				GCC_C_LANGUAGE_STANDARD = gnu99;
				GCC_NO_COMMON_BLOCKS = YES;
				GCC_WARN_64_TO_32_BIT_CONVERSION = YES;
				GCC_WARN_ABOUT_RETURN_TYPE = YES_ERROR;
				GCC_WARN_UNDECLARED_SELECTOR = YES;
				GCC_WARN_UNINITIALIZED_AUTOS = YES_AGGRESSIVE;
				GCC_WARN_UNUSED_FUNCTION = YES;
				GCC_WARN_UNUSED_VARIABLE = YES;
				IPHONEOS_DEPLOYMENT_TARGET = 10.2;
				MTL_ENABLE_DEBUG_INFO = NO;
				SDKROOT = iphoneos;
				SWIFT_OPTIMIZATION_LEVEL = "-Owholemodule";
				VALIDATE_PRODUCT = YES;
			};
			name = Release;
		};
		DB493F051E9BE22F00DB688D /* Debug */ = {
			isa = XCBuildConfiguration;
			buildSettings = {
				ASSETCATALOG_COMPILER_APPICON_NAME = AppIcon;
				CLANG_ENABLE_MODULES = YES;
				DEVELOPMENT_TEAM = WCM2L8RG39;
				INFOPLIST_FILE = ProfBook/Info.plist;
				LD_RUNPATH_SEARCH_PATHS = "$(inherited) @executable_path/Frameworks";
				PRODUCT_BUNDLE_IDENTIFIER = de.tum.in.www1.ProfBook;
				PRODUCT_NAME = "$(TARGET_NAME)";
				SWIFT_OBJC_BRIDGING_HEADER = "ProfBook/ProfBook-Bridging-Header.h";
				SWIFT_OPTIMIZATION_LEVEL = "-Onone";
				SWIFT_VERSION = 3.0;
			};
			name = Debug;
		};
		DB493F061E9BE22F00DB688D /* Release */ = {
			isa = XCBuildConfiguration;
			buildSettings = {
				ASSETCATALOG_COMPILER_APPICON_NAME = AppIcon;
				CLANG_ENABLE_MODULES = YES;
				DEVELOPMENT_TEAM = WCM2L8RG39;
				INFOPLIST_FILE = ProfBook/Info.plist;
				LD_RUNPATH_SEARCH_PATHS = "$(inherited) @executable_path/Frameworks";
				PRODUCT_BUNDLE_IDENTIFIER = de.tum.in.www1.ProfBook;
				PRODUCT_NAME = "$(TARGET_NAME)";
				SWIFT_OBJC_BRIDGING_HEADER = "ProfBook/ProfBook-Bridging-Header.h";
				SWIFT_VERSION = 3.0;
			};
			name = Release;
		};
/* End XCBuildConfiguration section */

/* Begin XCConfigurationList section */
		DB493EEA1E9BE22E00DB688D /* Build configuration list for PBXProject "ProfBook" */ = {
			isa = XCConfigurationList;
			buildConfigurations = (
				DB493F021E9BE22F00DB688D /* Debug */,
				DB493F031E9BE22F00DB688D /* Release */,
			);
			defaultConfigurationIsVisible = 0;
			defaultConfigurationName = Release;
		};
		DB493F041E9BE22F00DB688D /* Build configuration list for PBXNativeTarget "ProfBook" */ = {
			isa = XCConfigurationList;
			buildConfigurations = (
				DB493F051E9BE22F00DB688D /* Debug */,
				DB493F061E9BE22F00DB688D /* Release */,
			);
			defaultConfigurationIsVisible = 0;
			defaultConfigurationName = Release;
		};
/* End XCConfigurationList section */

/* Begin XCVersionGroup section */
		DB493EF91E9BE22F00DB688D /* ProfBook.xcdatamodeld */ = {
			isa = XCVersionGroup;
			children = (
				DB493EFA1E9BE22F00DB688D /* ProfBook.xcdatamodel */,
			);
			currentVersion = DB493EFA1E9BE22F00DB688D /* ProfBook.xcdatamodel */;
			path = ProfBook.xcdatamodeld;
			sourceTree = "<group>";
			versionGroupType = wrapper.xcdatamodel;
		};
/* End XCVersionGroup section */
	};
	rootObject = DB493EE71E9BE22E00DB688D /* Project object */;
}
